
Microsoft Visual Studio Solution File, Format Version 12.00
# Visual Studio Version 16
VisualStudioVersion = 16.0.29009.5
MinimumVisualStudioVersion = 10.0.40219.1
Project("{9A19103F-16F7-4668-BE54-9A1E7A4F7556}") = "Algorithm", "Algorithm.csproj", "{17314F76-0908-44CC-8622-AC2487B3B063}"
EndProject
Global
	GlobalSection(SolutionConfigurationPlatforms) = preSolution
		Debug|Any CPU = Debug|Any CPU
		Release|Any CPU = Release|Any CPU
	EndGlobalSection
	GlobalSection(ProjectConfigurationPlatforms) = postSolution
		{17314F76-0908-44CC-8622-AC2487B3B063}.Debug|Any CPU.ActiveCfg = Debug|Any CPU
		{17314F76-0908-44CC-8622-AC2487B3B063}.Debug|Any CPU.Build.0 = Debug|Any CPU
		{17314F76-0908-44CC-8622-AC2487B3B063}.Release|Any CPU.ActiveCfg = Release|Any CPU
		{17314F76-0908-44CC-8622-AC2487B3B063}.Release|Any CPU.Build.0 = Release|Any CPU
	EndGlobalSection
	GlobalSection(SolutionProperties) = preSolution
		HideSolutionNode = FALSE
	EndGlobalSection
	GlobalSection(ExtensibilityGlobals) = postSolution
		SolutionGuid = {F05A9C05-6073-4DB1-BF7A-78AE69257957}
	EndGlobalSection
EndGlobal
